
Microsoft Visual Studio Solution File, Format Version 12.00
# Visual Studio Version 17
VisualStudioVersion = 17.0.31912.275
MinimumVisualStudioVersion = 10.0.40219.1
Project("{9A19103F-16F7-4668-BE54-9A1E7A4F7556}") = "HomeWorkTheme6", "HomeWork\HomeWorkTheme6.csproj", "{EE8F663E-72E8-4AE7-95F2-1A648248CC3B}"
EndProject
Project("{9A19103F-16F7-4668-BE54-9A1E7A4F7556}") = "HomeWorkTheme7", "HomeWorkTheme7\HomeWorkTheme7.csproj", "{1A1735ED-D117-4336-8834-A6DDA1D6F212}"
EndProject
Project("{9A19103F-16F7-4668-BE54-9A1E7A4F7556}") = "HomeWorkTheme8", "HomeWorkTheme8\HomeWorkTheme8.csproj", "{9C363BBF-B4EA-4DD7-8A3E-9EDC21C944DC}"
EndProject
Project("{9A19103F-16F7-4668-BE54-9A1E7A4F7556}") = "HomeWorkTheme9", "HomeWorkTheme9\HomeWorkTheme9.csproj", "{85A3FAD2-652F-4F49-953B-DD53443FE1F2}"
EndProject
Project("{FAE04EC0-301F-11D3-BF4B-00C04F79EFBC}") = "HomeWorkTheme10", "HomeWork10\HomeWorkTheme10.csproj", "{A6F2DC10-C2A8-4708-B3CF-B6EBD72E389A}"
EndProject
Project("{FAE04EC0-301F-11D3-BF4B-00C04F79EFBC}") = "HomeWorkTheme11", "HomeWorkTheme11\HomeWorkTheme11.csproj", "{CF657520-6A1B-4E6A-BCCC-AF64D6606F27}"
EndProject
Project("{FAE04EC0-301F-11D3-BF4B-00C04F79EFBC}") = "HomeWorkTheme11.2", "HomeWorkTheme11.2\HomeWorkTheme11.2.csproj", "{A2837CCF-C7DF-44BA-A9F4-BCD9E46DF0E3}"
EndProject
Global
	GlobalSection(SolutionConfigurationPlatforms) = preSolution
		Debug|Any CPU = Debug|Any CPU
		Release|Any CPU = Release|Any CPU
	EndGlobalSection
	GlobalSection(ProjectConfigurationPlatforms) = postSolution
		{EE8F663E-72E8-4AE7-95F2-1A648248CC3B}.Debug|Any CPU.ActiveCfg = Debug|Any CPU
		{EE8F663E-72E8-4AE7-95F2-1A648248CC3B}.Debug|Any CPU.Build.0 = Debug|Any CPU
		{EE8F663E-72E8-4AE7-95F2-1A648248CC3B}.Release|Any CPU.ActiveCfg = Release|Any CPU
		{EE8F663E-72E8-4AE7-95F2-1A648248CC3B}.Release|Any CPU.Build.0 = Release|Any CPU
		{1A1735ED-D117-4336-8834-A6DDA1D6F212}.Debug|Any CPU.ActiveCfg = Debug|Any CPU
		{1A1735ED-D117-4336-8834-A6DDA1D6F212}.Debug|Any CPU.Build.0 = Debug|Any CPU
		{1A1735ED-D117-4336-8834-A6DDA1D6F212}.Release|Any CPU.ActiveCfg = Release|Any CPU
		{1A1735ED-D117-4336-8834-A6DDA1D6F212}.Release|Any CPU.Build.0 = Release|Any CPU
		{9C363BBF-B4EA-4DD7-8A3E-9EDC21C944DC}.Debug|Any CPU.ActiveCfg = Debug|Any CPU
		{9C363BBF-B4EA-4DD7-8A3E-9EDC21C944DC}.Debug|Any CPU.Build.0 = Debug|Any CPU
		{9C363BBF-B4EA-4DD7-8A3E-9EDC21C944DC}.Release|Any CPU.ActiveCfg = Release|Any CPU
		{9C363BBF-B4EA-4DD7-8A3E-9EDC21C944DC}.Release|Any CPU.Build.0 = Release|Any CPU
		{85A3FAD2-652F-4F49-953B-DD53443FE1F2}.Debug|Any CPU.ActiveCfg = Debug|Any CPU
		{85A3FAD2-652F-4F49-953B-DD53443FE1F2}.Debug|Any CPU.Build.0 = Debug|Any CPU
		{85A3FAD2-652F-4F49-953B-DD53443FE1F2}.Release|Any CPU.ActiveCfg = Release|Any CPU
		{85A3FAD2-652F-4F49-953B-DD53443FE1F2}.Release|Any CPU.Build.0 = Release|Any CPU
		{A6F2DC10-C2A8-4708-B3CF-B6EBD72E389A}.Debug|Any CPU.ActiveCfg = Debug|Any CPU
		{A6F2DC10-C2A8-4708-B3CF-B6EBD72E389A}.Debug|Any CPU.Build.0 = Debug|Any CPU
		{A6F2DC10-C2A8-4708-B3CF-B6EBD72E389A}.Release|Any CPU.ActiveCfg = Release|Any CPU
		{A6F2DC10-C2A8-4708-B3CF-B6EBD72E389A}.Release|Any CPU.Build.0 = Release|Any CPU
		{CF657520-6A1B-4E6A-BCCC-AF64D6606F27}.Debug|Any CPU.ActiveCfg = Debug|Any CPU
		{CF657520-6A1B-4E6A-BCCC-AF64D6606F27}.Debug|Any CPU.Build.0 = Debug|Any CPU
		{CF657520-6A1B-4E6A-BCCC-AF64D6606F27}.Release|Any CPU.ActiveCfg = Release|Any CPU
		{CF657520-6A1B-4E6A-BCCC-AF64D6606F27}.Release|Any CPU.Build.0 = Release|Any CPU
		{A2837CCF-C7DF-44BA-A9F4-BCD9E46DF0E3}.Debug|Any CPU.ActiveCfg = Debug|Any CPU
		{A2837CCF-C7DF-44BA-A9F4-BCD9E46DF0E3}.Debug|Any CPU.Build.0 = Debug|Any CPU
		{A2837CCF-C7DF-44BA-A9F4-BCD9E46DF0E3}.Release|Any CPU.ActiveCfg = Release|Any CPU
		{A2837CCF-C7DF-44BA-A9F4-BCD9E46DF0E3}.Release|Any CPU.Build.0 = Release|Any CPU
	EndGlobalSection
	GlobalSection(SolutionProperties) = preSolution
		HideSolutionNode = FALSE
	EndGlobalSection
	GlobalSection(ExtensibilityGlobals) = postSolution
		SolutionGuid = {13537FDA-F2C4-4EB9-A8CF-F4022334A6CD}
	EndGlobalSection
EndGlobal
